// !$*UTF8*$!
{
	archiveVersion = 1;
	classes = {
	};
	objectVersion = 46;
	objects = {

/* Begin PBXBuildFile section */
		00101DEB1C5D02C200577EE9 /* image.jpg in Resources */ = {isa = PBXBuildFile; fileRef = 00101DEA1C5D02C200577EE9 /* image.jpg */; };
		00E0A34B1C5CF59300AD6701 /* AppDelegate.swift in Sources */ = {isa = PBXBuildFile; fileRef = 00E0A34A1C5CF59300AD6701 /* AppDelegate.swift */; };
		00E0A34D1C5CF59300AD6701 /* ViewController.swift in Sources */ = {isa = PBXBuildFile; fileRef = 00E0A34C1C5CF59300AD6701 /* ViewController.swift */; };
		00E0A3501C5CF59300AD6701 /* Main.storyboard in Resources */ = {isa = PBXBuildFile; fileRef = 00E0A34E1C5CF59300AD6701 /* Main.storyboard */; };
		00E0A3521C5CF59300AD6701 /* Assets.xcassets in Resources */ = {isa = PBXBuildFile; fileRef = 00E0A3511C5CF59300AD6701 /* Assets.xcassets */; };
		00E0A3551C5CF59300AD6701 /* LaunchScreen.storyboard in Resources */ = {isa = PBXBuildFile; fileRef = 00E0A3531C5CF59300AD6701 /* LaunchScreen.storyboard */; };
/* End PBXBuildFile section */

/* Begin PBXFileReference section */
		00101DEA1C5D02C200577EE9 /* image.jpg */ = {isa = PBXFileReference; lastKnownFileType = image.jpeg; path = image.jpg; sourceTree = "<group>"; };
		00E0A3471C5CF59300AD6701 /* StrechyHeader.app */ = {isa = PBXFileReference; explicitFileType = wrapper.application; includeInIndex = 0; path = StrechyHeader.app; sourceTree = BUILT_PRODUCTS_DIR; };
		00E0A34A1C5CF59300AD6701 /* AppDelegate.swift */ = {isa = PBXFileReference; lastKnownFileType = sourcecode.swift; path = AppDelegate.swift; sourceTree = "<group>"; };
		00E0A34C1C5CF59300AD6701 /* ViewController.swift */ = {isa = PBXFileReference; lastKnownFileType = sourcecode.swift; path = ViewController.swift; sourceTree = "<group>"; };
		00E0A34F1C5CF59300AD6701 /* Base */ = {isa = PBXFileReference; lastKnownFileType = file.storyboard; name = Base; path = Base.lproj/Main.storyboard; sourceTree = "<group>"; };
		00E0A3511C5CF59300AD6701 /* Assets.xcassets */ = {isa = PBXFileReference; lastKnownFileType = folder.assetcatalog; path = Assets.xcassets; sourceTree = "<group>"; };
		00E0A3541C5CF59300AD6701 /* Base */ = {isa = PBXFileReference; lastKnownFileType = file.storyboard; name = Base; path = Base.lproj/LaunchScreen.storyboard; sourceTree = "<group>"; };
		00E0A3561C5CF59300AD6701 /* Info.plist */ = {isa = PBXFileReference; lastKnownFileType = text.plist.xml; path = Info.plist; sourceTree = "<group>"; };
/* End PBXFileReference section */

/* Begin PBXFrameworksBuildPhase section */
		00E0A3441C5CF59300AD6701 /* Frameworks */ = {
			isa = PBXFrameworksBuildPhase;
			buildActionMask = 2147483647;
			files = (
			);
			runOnlyForDeploymentPostprocessing = 0;
		};
/* End PBXFrameworksBuildPhase section */

/* Begin PBXGroup section */
		00E0A33E1C5CF59300AD6701 = {
			isa = PBXGroup;
			children = (
				00E0A3491C5CF59300AD6701 /* StrechyHeader */,
				00E0A3481C5CF59300AD6701 /* Products */,
			);
			sourceTree = "<group>";
		};
		00E0A3481C5CF59300AD6701 /* Products */ = {
			isa = PBXGroup;
			children = (
				00E0A3471C5CF59300AD6701 /* StrechyHeader.app */,
			);
			name = Products;
			sourceTree = "<group>";
		};
		00E0A3491C5CF59300AD6701 /* StrechyHeader */ = {
			isa = PBXGroup;
			children = (
				00101DEA1C5D02C200577EE9 /* image.jpg */,
				00E0A34A1C5CF59300AD6701 /* AppDelegate.swift */,
				00E0A34C1C5CF59300AD6701 /* ViewController.swift */,
				00E0A34E1C5CF59300AD6701 /* Main.storyboard */,
				00E0A3511C5CF59300AD6701 /* Assets.xcassets */,
				00E0A3531C5CF59300AD6701 /* LaunchScreen.storyboard */,
				00E0A3561C5CF59300AD6701 /* Info.plist */,
			);
			path = StrechyHeader;
			sourceTree = "<group>";
		};
/* End PBXGroup section */

/* Begin PBXNativeTarget section */
		00E0A3461C5CF59300AD6701 /* StrechyHeader */ = {
			isa = PBXNativeTarget;
			buildConfigurationList = 00E0A3591C5CF59300AD6701 /* Build configuration list for PBXNativeTarget "StrechyHeader" */;
			buildPhases = (
				00E0A3431C5CF59300AD6701 /* Sources */,
				00E0A3441C5CF59300AD6701 /* Frameworks */,
				00E0A3451C5CF59300AD6701 /* Resources */,
			);
			buildRules = (
			);
			dependencies = (
			);
			name = StrechyHeader;
			productName = StrechyHeader;
			productReference = 00E0A3471C5CF59300AD6701 /* StrechyHeader.app */;
			productType = "com.apple.product-type.application";
		};
/* End PBXNativeTarget section */

/* Begin PBXProject section */
		00E0A33F1C5CF59300AD6701 /* Project object */ = {
			isa = PBXProject;
			attributes = {
				LastSwiftUpdateCheck = 0720;
				LastUpgradeCheck = 0720;
				ORGANIZATIONNAME = upbeatios;
				TargetAttributes = {
					00E0A3461C5CF59300AD6701 = {
						CreatedOnToolsVersion = 7.2;
					};
				};
			};
			buildConfigurationList = 00E0A3421C5CF59300AD6701 /* Build configuration list for PBXProject "StrechyHeader" */;
			compatibilityVersion = "Xcode 3.2";
			developmentRegion = English;
			hasScannedForEncodings = 0;
			knownRegions = (
				en,
				Base,
			);
			mainGroup = 00E0A33E1C5CF59300AD6701;
			productRefGroup = 00E0A3481C5CF59300AD6701 /* Products */;
			projectDirPath = "";
			projectRoot = "";
			targets = (
				00E0A3461C5CF59300AD6701 /* StrechyHeader */,
			);
		};
/* End PBXProject section */

/* Begin PBXResourcesBuildPhase section */
		00E0A3451C5CF59300AD6701 /* Resources */ = {
			isa = PBXResourcesBuildPhase;
			buildActionMask = 2147483647;
			files = (
				00E0A3551C5CF59300AD6701 /* LaunchScreen.storyboard in Resources */,
				00E0A3521C5CF59300AD6701 /* Assets.xcassets in Resources */,
				00E0A3501C5CF59300AD6701 /* Main.storyboard in Resources */,
				00101DEB1C5D02C200577EE9 /* image.jpg in Resources */,
			);
			runOnlyForDeploymentPostprocessing = 0;
		};
/* End PBXResourcesBuildPhase section */

/* Begin PBXSourcesBuildPhase section */
		00E0A3431C5CF59300AD6701 /* Sources */ = {
			isa = PBXSourcesBuildPhase;
			buildActionMask = 2147483647;
			files = (
				00E0A34D1C5CF59300AD6701 /* ViewController.swift in Sources */,
				00E0A34B1C5CF59300AD6701 /* AppDelegate.swift in Sources */,
			);
			runOnlyForDeploymentPostprocessing = 0;
		};
/* End PBXSourcesBuildPhase section */

/* Begin PBXVariantGroup section */
		00E0A34E1C5CF59300AD6701 /* Main.storyboard */ = {
			isa = PBXVariantGroup;
			children = (
				00E0A34F1C5CF59300AD6701 /* Base */,
			);
			name = Main.storyboard;
			sourceTree = "<group>";
		};
		00E0A3531C5CF59300AD6701 /* LaunchScreen.storyboard */ = {
			isa = PBXVariantGroup;
			children = (
				00E0A3541C5CF59300AD6701 /* Base */,
			);
			name = LaunchScreen.storyboard;
			sourceTree = "<group>";
		};
/* End PBXVariantGroup section */

/* Begin XCBuildConfiguration section */
		00E0A3571C5CF59300AD6701 /* Debug */ = {
			isa = XCBuildConfiguration;
			buildSettings = {
				ALWAYS_SEARCH_USER_PATHS = NO;
				CLANG_CXX_LANGUAGE_STANDARD = "gnu++0x";
				CLANG_CXX_LIBRARY = "libc++";
				CLANG_ENABLE_MODULES = YES;
				CLANG_ENABLE_OBJC_ARC = YES;
				CLANG_WARN_BOOL_CONVERSION = YES;
				CLANG_WARN_CONSTANT_CONVERSION = YES;
				CLANG_WARN_DIRECT_OBJC_ISA_USAGE = YES_ERROR;
				CLANG_WARN_EMPTY_BODY = YES;
				CLANG_WARN_ENUM_CONVERSION = YES;
				CLANG_WARN_INT_CONVERSION = YES;
				CLANG_WARN_OBJC_ROOT_CLASS = YES_ERROR;
				CLANG_WARN_UNREACHABLE_CODE = YES;
				CLANG_WARN__DUPLICATE_METHOD_MATCH = YES;
				"CODE_SIGN_IDENTITY[sdk=iphoneos*]" = "iPhone Developer";
				COPY_PHASE_STRIP = NO;
				DEBUG_INFORMATION_FORMAT = dwarf;
				ENABLE_STRICT_OBJC_MSGSEND = YES;
				ENABLE_TESTABILITY = YES;
				GCC_C_LANGUAGE_STANDARD = gnu99;
				GCC_DYNAMIC_NO_PIC = NO;
				GCC_NO_COMMON_BLOCKS = YES;
				GCC_OPTIMIZATION_LEVEL = 0;
				GCC_PREPROCESSOR_DEFINITIONS = (
					"DEBUG=1",
					"$(inherited)",
				);
				GCC_WARN_64_TO_32_BIT_CONVERSION = YES;
				GCC_WARN_ABOUT_RETURN_TYPE = YES_ERROR;
				GCC_WARN_UNDECLARED_SELECTOR = YES;
				GCC_WARN_UNINITIALIZED_AUTOS = YES_AGGRESSIVE;
				GCC_WARN_UNUSED_FUNCTION = YES;
				GCC_WARN_UNUSED_VARIABLE = YES;
				IPHONEOS_DEPLOYMENT_TARGET = 9.2;
				MTL_ENABLE_DEBUG_INFO = YES;
				ONLY_ACTIVE_ARCH = YES;
				SDKROOT = iphoneos;
				SWIFT_OPTIMIZATION_LEVEL = "-Onone";
			};
			name = Debug;
		};
		00E0A3581C5CF59300AD6701 /* Release */ = {
			isa = XCBuildConfiguration;
			buildSettings = {
				ALWAYS_SEARCH_USER_PATHS = NO;
				CLANG_CXX_LANGUAGE_STANDARD = "gnu++0x";
				CLANG_CXX_LIBRARY = "libc++";
				CLANG_ENABLE_MODULES = YES;
				CLANG_ENABLE_OBJC_ARC = YES;
				CLANG_WARN_BOOL_CONVERSION = YES;
				CLANG_WARN_CONSTANT_CONVERSION = YES;
				CLANG_WARN_DIRECT_OBJC_ISA_USAGE = YES_ERROR;
				CLANG_WARN_EMPTY_BODY = YES;
				CLANG_WARN_ENUM_CONVERSION = YES;
				CLANG_WARN_INT_CONVERSION = YES;
				CLANG_WARN_OBJC_ROOT_CLASS = YES_ERROR;
				CLANG_WARN_UNREACHABLE_CODE = YES;
				CLANG_WARN__DUPLICATE_METHOD_MATCH = YES;
				"CODE_SIGN_IDENTITY[sdk=iphoneos*]" = "iPhone Developer";
				COPY_PHASE_STRIP = NO;
				DEBUG_INFORMATION_FORMAT = "dwarf-with-dsym";
				ENABLE_NS_ASSERTIONS = NO;
				ENABLE_STRICT_OBJC_MSGSEND = YES;
				GCC_C_LANGUAGE_STANDARD = gnu99;
				GCC_NO_COMMON_BLOCKS = YES;
				GCC_WARN_64_TO_32_BIT_CONVERSION = YES;
				GCC_WARN_ABOUT_RETURN_TYPE = YES_ERROR;
				GCC_WARN_UNDECLARED_SELECTOR = YES;
				GCC_WARN_UNINITIALIZED_AUTOS = YES_AGGRESSIVE;
				GCC_WARN_UNUSED_FUNCTION = YES;
				GCC_WARN_UNUSED_VARIABLE = YES;
				IPHONEOS_DEPLOYMENT_TARGET = 9.2;
				MTL_ENABLE_DEBUG_INFO = NO;
				SDKROOT = iphoneos;
				VALIDATE_PRODUCT = YES;
			};
			name = Release;
		};
		00E0A35A1C5CF59300AD6701 /* Debug */ = {
			isa = XCBuildConfiguration;
			buildSettings = {
				ASSETCATALOG_COMPILER_APPICON_NAME = AppIcon;
				INFOPLIST_FILE = StrechyHeader/Info.plist;
				LD_RUNPATH_SEARCH_PATHS = "$(inherited) @executable_path/Frameworks";
				PRODUCT_BUNDLE_IDENTIFIER = com.upbeatios.me.StrechyHeader;
				PRODUCT_NAME = "$(TARGET_NAME)";
			};
			name = Debug;
		};
		00E0A35B1C5CF59300AD6701 /* Release */ = {
			isa = XCBuildConfiguration;
			buildSettings = {
				ASSETCATALOG_COMPILER_APPICON_NAME = AppIcon;
				INFOPLIST_FILE = StrechyHeader/Info.plist;
				LD_RUNPATH_SEARCH_PATHS = "$(inherited) @executable_path/Frameworks";
				PRODUCT_BUNDLE_IDENTIFIER = com.upbeatios.me.StrechyHeader;
				PRODUCT_NAME = "$(TARGET_NAME)";
			};
			name = Release;
		};
/* End XCBuildConfiguration section */

/* Begin XCConfigurationList section */
		00E0A3421C5CF59300AD6701 /* Build configuration list for PBXProject "StrechyHeader" */ = {
			isa = XCConfigurationList;
			buildConfigurations = (
				00E0A3571C5CF59300AD6701 /* Debug */,
				00E0A3581C5CF59300AD6701 /* Release */,
			);
			defaultConfigurationIsVisible = 0;
			defaultConfigurationName = Release;
		};
		00E0A3591C5CF59300AD6701 /* Build configuration list for PBXNativeTarget "StrechyHeader" */ = {
			isa = XCConfigurationList;
			buildConfigurations = (
				00E0A35A1C5CF59300AD6701 /* Debug */,
				00E0A35B1C5CF59300AD6701 /* Release */,
			);
			defaultConfigurationIsVisible = 0;
			defaultConfigurationName = Release;
		};
/* End XCConfigurationList section */
	};
	rootObject = 00E0A33F1C5CF59300AD6701 /* Project object */;
}
